
Microsoft Visual Studio Solution File, Format Version 12.00
# Visual Studio Version 17
VisualStudioVersion = 17.7.34024.191
MinimumVisualStudioVersion = 10.0.40219.1
Project("{F184B08F-C81C-45F6-A57F-5ABD9991F28F}") = "prelims_programming1_GOLEZ", "prelims_programming1_GOLEZ.vbproj", "{E15E9012-0F28-44BF-AE5F-A612085F5246}"
EndProject
Global
	GlobalSection(SolutionConfigurationPlatforms) = preSolution
		Debug|Any CPU = Debug|Any CPU
		Release|Any CPU = Release|Any CPU
	EndGlobalSection
	GlobalSection(ProjectConfigurationPlatforms) = postSolution
		{E15E9012-0F28-44BF-AE5F-A612085F5246}.Debug|Any CPU.ActiveCfg = Debug|Any CPU
		{E15E9012-0F28-44BF-AE5F-A612085F5246}.Debug|Any CPU.Build.0 = Debug|Any CPU
		{E15E9012-0F28-44BF-AE5F-A612085F5246}.Release|Any CPU.ActiveCfg = Release|Any CPU
		{E15E9012-0F28-44BF-AE5F-A612085F5246}.Release|Any CPU.Build.0 = Release|Any CPU
	EndGlobalSection
	GlobalSection(SolutionProperties) = preSolution
		HideSolutionNode = FALSE
	EndGlobalSection
	GlobalSection(ExtensibilityGlobals) = postSolution
		SolutionGuid = {9CFD517A-9455-4151-8E8D-2384A49F11CB}
	EndGlobalSection
EndGlobal
